// !$*UTF8*$!
{
	archiveVersion = 1;
	classes = {
	};
	objectVersion = 55;
	objects = {

/* Begin PBXBuildFile section */
		1B15939A285C043E00D9EA56 /* MainPostViewController.swift in Sources */ = {isa = PBXBuildFile; fileRef = 1B159399285C043E00D9EA56 /* MainPostViewController.swift */; };
		1B15939E285C115800D9EA56 /* LoginViewController.swift in Sources */ = {isa = PBXBuildFile; fileRef = 1B15939D285C115800D9EA56 /* LoginViewController.swift */; };
		1B1593A1285C11B800D9EA56 /* SignUpViewController.swift in Sources */ = {isa = PBXBuildFile; fileRef = 1B1593A0285C11B800D9EA56 /* SignUpViewController.swift */; };
		1B1593A5285C190E00D9EA56 /* SignUpView.swift in Sources */ = {isa = PBXBuildFile; fileRef = 1B1593A4285C190E00D9EA56 /* SignUpView.swift */; };
		1B1593A7285C21FD00D9EA56 /* SignUpViewModel.swift in Sources */ = {isa = PBXBuildFile; fileRef = 1B1593A6285C21FD00D9EA56 /* SignUpViewModel.swift */; };
		1B1593A9285C2B7900D9EA56 /* APIEnum.swift in Sources */ = {isa = PBXBuildFile; fileRef = 1B1593A8285C2B7900D9EA56 /* APIEnum.swift */; };
		1B1593AC285C2BD700D9EA56 /* APIService.swift in Sources */ = {isa = PBXBuildFile; fileRef = 1B1593AB285C2BD700D9EA56 /* APIService.swift */; };
		1B1593B0285C2DC300D9EA56 /* URL+Extension.swift in Sources */ = {isa = PBXBuildFile; fileRef = 1B1593AF285C2DC300D9EA56 /* URL+Extension.swift */; };
		1B1593B2285C2DE700D9EA56 /* Endpoint+Extension.swift in Sources */ = {isa = PBXBuildFile; fileRef = 1B1593B1285C2DE700D9EA56 /* Endpoint+Extension.swift */; };
		1B1593B4285C2E2700D9EA56 /* URLSession+Extension.swift in Sources */ = {isa = PBXBuildFile; fileRef = 1B1593B3285C2E2700D9EA56 /* URLSession+Extension.swift */; };
		1B1593B6285C2F3000D9EA56 /* SignModel.swift in Sources */ = {isa = PBXBuildFile; fileRef = 1B1593B5285C2F3000D9EA56 /* SignModel.swift */; };
		1B1593BA285C342200D9EA56 /* LoginView.swift in Sources */ = {isa = PBXBuildFile; fileRef = 1B1593B9285C342200D9EA56 /* LoginView.swift */; };
		1B1593BC285C345300D9EA56 /* LoginViewModel.swift in Sources */ = {isa = PBXBuildFile; fileRef = 1B1593BB285C345300D9EA56 /* LoginViewModel.swift */; };
		1B1593BF285C3CCD00D9EA56 /* Date+Extension.swift in Sources */ = {isa = PBXBuildFile; fileRef = 1B1593BE285C3CCD00D9EA56 /* Date+Extension.swift */; };
		1B1593C1285C3E5A00D9EA56 /* MainPostView.swift in Sources */ = {isa = PBXBuildFile; fileRef = 1B1593C0285C3E5A00D9EA56 /* MainPostView.swift */; };
		1B1593C4285C442600D9EA56 /* PostViewCell.swift in Sources */ = {isa = PBXBuildFile; fileRef = 1B1593C3285C442600D9EA56 /* PostViewCell.swift */; };
		1B1593C8285C4B5500D9EA56 /* MainPostViewModel.swift in Sources */ = {isa = PBXBuildFile; fileRef = 1B1593C7285C4B5500D9EA56 /* MainPostViewModel.swift */; };
		1B1593CA285C4B9E00D9EA56 /* PostModel.swift in Sources */ = {isa = PBXBuildFile; fileRef = 1B1593C9285C4B9E00D9EA56 /* PostModel.swift */; };
		1B1593CC285C573C00D9EA56 /* CommentModel.swift in Sources */ = {isa = PBXBuildFile; fileRef = 1B1593CB285C573C00D9EA56 /* CommentModel.swift */; };
		1B1593CF285C615E00D9EA56 /* WritePostViewController.swift in Sources */ = {isa = PBXBuildFile; fileRef = 1B1593CE285C615E00D9EA56 /* WritePostViewController.swift */; };
		1B1593D1285C618100D9EA56 /* WritePostView.swift in Sources */ = {isa = PBXBuildFile; fileRef = 1B1593D0285C618100D9EA56 /* WritePostView.swift */; };
		1B1593D3285C619900D9EA56 /* WritePostModel.swift in Sources */ = {isa = PBXBuildFile; fileRef = 1B1593D2285C619900D9EA56 /* WritePostModel.swift */; };
		1B1593D6285C6E6E00D9EA56 /* DetailViewController.swift in Sources */ = {isa = PBXBuildFile; fileRef = 1B1593D5285C6E6E00D9EA56 /* DetailViewController.swift */; };
		1B1593D8285C6E7F00D9EA56 /* DetailView.swift in Sources */ = {isa = PBXBuildFile; fileRef = 1B1593D7285C6E7F00D9EA56 /* DetailView.swift */; };
		1B1593DA285C6E8B00D9EA56 /* DetailViewModel.swift in Sources */ = {isa = PBXBuildFile; fileRef = 1B1593D9285C6E8B00D9EA56 /* DetailViewModel.swift */; };
		1B1593DC285C6EFE00D9EA56 /* DetailPostHeaderView.swift in Sources */ = {isa = PBXBuildFile; fileRef = 1B1593DB285C6EFE00D9EA56 /* DetailPostHeaderView.swift */; };
		1B1593DE285C70F000D9EA56 /* CommentTableViewCell.swift in Sources */ = {isa = PBXBuildFile; fileRef = 1B1593DD285C70F000D9EA56 /* CommentTableViewCell.swift */; };
		1B1593E0285C722B00D9EA56 /* TextTableViewCell.swift in Sources */ = {isa = PBXBuildFile; fileRef = 1B1593DF285C722B00D9EA56 /* TextTableViewCell.swift */; };
		1B1593E2285C740C00D9EA56 /* PostMode.swift in Sources */ = {isa = PBXBuildFile; fileRef = 1B1593E1285C740C00D9EA56 /* PostMode.swift */; };
		1B1593E4285C7F1600D9EA56 /* Alert+Extension.swift in Sources */ = {isa = PBXBuildFile; fileRef = 1B1593E3285C7F1600D9EA56 /* Alert+Extension.swift */; };
		1B1593E7285CA3B600D9EA56 /* Toast in Frameworks */ = {isa = PBXBuildFile; productRef = 1B1593E6285CA3B600D9EA56 /* Toast */; };
		1B1593EA285CA46700D9EA56 /* CommentViewController.swift in Sources */ = {isa = PBXBuildFile; fileRef = 1B1593E9285CA46700D9EA56 /* CommentViewController.swift */; };
		1B1593EC285CA49D00D9EA56 /* CommentView.swift in Sources */ = {isa = PBXBuildFile; fileRef = 1B1593EB285CA49D00D9EA56 /* CommentView.swift */; };
		1B1593EE285CA4D400D9EA56 /* CommentViewModel.swift in Sources */ = {isa = PBXBuildFile; fileRef = 1B1593ED285CA4D400D9EA56 /* CommentViewModel.swift */; };
		1B8CAF8B28572EAD00647D18 /* StartViewController.swift in Sources */ = {isa = PBXBuildFile; fileRef = 1B8CAF8A28572EAD00647D18 /* StartViewController.swift */; };
		1B8CAF8D28572F0000647D18 /* StartViewModel.swift in Sources */ = {isa = PBXBuildFile; fileRef = 1B8CAF8C28572F0000647D18 /* StartViewModel.swift */; };
		1B8CAF8F2857301700647D18 /* BaseViewController.swift in Sources */ = {isa = PBXBuildFile; fileRef = 1B8CAF8E2857301700647D18 /* BaseViewController.swift */; };
		1B8CAFE32859750200647D18 /* UserDefaultWrapper.swift in Sources */ = {isa = PBXBuildFile; fileRef = 1B8CAFE22859750200647D18 /* UserDefaultWrapper.swift */; };
		1B8CAFE5285975B300647D18 /* UserDefaultsManager.swift in Sources */ = {isa = PBXBuildFile; fileRef = 1B8CAFE4285975B300647D18 /* UserDefaultsManager.swift */; };
		1B964C4A285476B2004B4C41 /* AppDelegate.swift in Sources */ = {isa = PBXBuildFile; fileRef = 1B964C49285476B2004B4C41 /* AppDelegate.swift */; };
		1B964C4C285476B2004B4C41 /* SceneDelegate.swift in Sources */ = {isa = PBXBuildFile; fileRef = 1B964C4B285476B2004B4C41 /* SceneDelegate.swift */; };
		1B964C53285476B4004B4C41 /* Assets.xcassets in Resources */ = {isa = PBXBuildFile; fileRef = 1B964C52285476B4004B4C41 /* Assets.xcassets */; };
		1B964C56285476B4004B4C41 /* LaunchScreen.storyboard in Resources */ = {isa = PBXBuildFile; fileRef = 1B964C54285476B4004B4C41 /* LaunchScreen.storyboard */; };
		1B964C5F285476C7004B4C41 /* SnapKit in Frameworks */ = {isa = PBXBuildFile; productRef = 1B964C5E285476C7004B4C41 /* SnapKit */; };
		1B964C62285476D7004B4C41 /* Then in Frameworks */ = {isa = PBXBuildFile; productRef = 1B964C61285476D7004B4C41 /* Then */; };
		1B964C65285476EA004B4C41 /* IQKeyboardManagerSwift in Frameworks */ = {isa = PBXBuildFile; productRef = 1B964C64285476EA004B4C41 /* IQKeyboardManagerSwift */; };
		1B964C67285477C1004B4C41 /* Endpoint.swift in Sources */ = {isa = PBXBuildFile; fileRef = 1B964C66285477C1004B4C41 /* Endpoint.swift */; };
		1B964C6D28547911004B4C41 /* ViewRepresentable.swift in Sources */ = {isa = PBXBuildFile; fileRef = 1B964C6C28547911004B4C41 /* ViewRepresentable.swift */; };
		1B964C6F28547955004B4C41 /* StartView.swift in Sources */ = {isa = PBXBuildFile; fileRef = 1B964C6E28547955004B4C41 /* StartView.swift */; };
		1B964C7128547FDB004B4C41 /* Reusable.swift in Sources */ = {isa = PBXBuildFile; fileRef = 1B964C7028547FDB004B4C41 /* Reusable.swift */; };
		1B964C7328547FFB004B4C41 /* UITableViewCell+Extension.swift in Sources */ = {isa = PBXBuildFile; fileRef = 1B964C7228547FFB004B4C41 /* UITableViewCell+Extension.swift */; };
		1B964C7628548057004B4C41 /* Observable.swift in Sources */ = {isa = PBXBuildFile; fileRef = 1B964C7528548057004B4C41 /* Observable.swift */; };
		1B964C7B285480ED004B4C41 /* BaseUIView.swift in Sources */ = {isa = PBXBuildFile; fileRef = 1B964C7A285480ED004B4C41 /* BaseUIView.swift */; };
		1B964C7E285494A6004B4C41 /* ImageEnums.swift in Sources */ = {isa = PBXBuildFile; fileRef = 1B964C7D285494A6004B4C41 /* ImageEnums.swift */; };
		1B964C81285494F1004B4C41 /* Navigator.swift in Sources */ = {isa = PBXBuildFile; fileRef = 1B964C80285494F1004B4C41 /* Navigator.swift */; };
		1B964C842854992A004B4C41 /* TransitionEnum.swift in Sources */ = {isa = PBXBuildFile; fileRef = 1B964C832854992A004B4C41 /* TransitionEnum.swift */; };
/* End PBXBuildFile section */

/* Begin PBXFileReference section */
		1B159399285C043E00D9EA56 /* MainPostViewController.swift */ = {isa = PBXFileReference; lastKnownFileType = sourcecode.swift; path = MainPostViewController.swift; sourceTree = "<group>"; };
		1B15939D285C115800D9EA56 /* LoginViewController.swift */ = {isa = PBXFileReference; lastKnownFileType = sourcecode.swift; path = LoginViewController.swift; sourceTree = "<group>"; };
		1B1593A0285C11B800D9EA56 /* SignUpViewController.swift */ = {isa = PBXFileReference; lastKnownFileType = sourcecode.swift; path = SignUpViewController.swift; sourceTree = "<group>"; };
		1B1593A4285C190E00D9EA56 /* SignUpView.swift */ = {isa = PBXFileReference; lastKnownFileType = sourcecode.swift; path = SignUpView.swift; sourceTree = "<group>"; };
		1B1593A6285C21FD00D9EA56 /* SignUpViewModel.swift */ = {isa = PBXFileReference; lastKnownFileType = sourcecode.swift; path = SignUpViewModel.swift; sourceTree = "<group>"; };
		1B1593A8285C2B7900D9EA56 /* APIEnum.swift */ = {isa = PBXFileReference; lastKnownFileType = sourcecode.swift; path = APIEnum.swift; sourceTree = "<group>"; };
		1B1593AB285C2BD700D9EA56 /* APIService.swift */ = {isa = PBXFileReference; lastKnownFileType = sourcecode.swift; path = APIService.swift; sourceTree = "<group>"; };
		1B1593AF285C2DC300D9EA56 /* URL+Extension.swift */ = {isa = PBXFileReference; lastKnownFileType = sourcecode.swift; path = "URL+Extension.swift"; sourceTree = "<group>"; };
		1B1593B1285C2DE700D9EA56 /* Endpoint+Extension.swift */ = {isa = PBXFileReference; lastKnownFileType = sourcecode.swift; path = "Endpoint+Extension.swift"; sourceTree = "<group>"; };
		1B1593B3285C2E2700D9EA56 /* URLSession+Extension.swift */ = {isa = PBXFileReference; lastKnownFileType = sourcecode.swift; path = "URLSession+Extension.swift"; sourceTree = "<group>"; };
		1B1593B5285C2F3000D9EA56 /* SignModel.swift */ = {isa = PBXFileReference; lastKnownFileType = sourcecode.swift; path = SignModel.swift; sourceTree = "<group>"; };
		1B1593B9285C342200D9EA56 /* LoginView.swift */ = {isa = PBXFileReference; fileEncoding = 4; lastKnownFileType = sourcecode.swift; name = LoginView.swift; path = ../../../../../.Trash/LoginView.swift; sourceTree = "<group>"; };
		1B1593BB285C345300D9EA56 /* LoginViewModel.swift */ = {isa = PBXFileReference; lastKnownFileType = sourcecode.swift; path = LoginViewModel.swift; sourceTree = "<group>"; };
		1B1593BE285C3CCD00D9EA56 /* Date+Extension.swift */ = {isa = PBXFileReference; lastKnownFileType = sourcecode.swift; path = "Date+Extension.swift"; sourceTree = "<group>"; };
		1B1593C0285C3E5A00D9EA56 /* MainPostView.swift */ = {isa = PBXFileReference; lastKnownFileType = sourcecode.swift; path = MainPostView.swift; sourceTree = "<group>"; };
		1B1593C3285C442600D9EA56 /* PostViewCell.swift */ = {isa = PBXFileReference; lastKnownFileType = sourcecode.swift; path = PostViewCell.swift; sourceTree = "<group>"; };
		1B1593C7285C4B5500D9EA56 /* MainPostViewModel.swift */ = {isa = PBXFileReference; lastKnownFileType = sourcecode.swift; path = MainPostViewModel.swift; sourceTree = "<group>"; };
		1B1593C9285C4B9E00D9EA56 /* PostModel.swift */ = {isa = PBXFileReference; lastKnownFileType = sourcecode.swift; path = PostModel.swift; sourceTree = "<group>"; };
		1B1593CB285C573C00D9EA56 /* CommentModel.swift */ = {isa = PBXFileReference; lastKnownFileType = sourcecode.swift; path = CommentModel.swift; sourceTree = "<group>"; };
		1B1593CE285C615E00D9EA56 /* WritePostViewController.swift */ = {isa = PBXFileReference; lastKnownFileType = sourcecode.swift; path = WritePostViewController.swift; sourceTree = "<group>"; };
		1B1593D0285C618100D9EA56 /* WritePostView.swift */ = {isa = PBXFileReference; lastKnownFileType = sourcecode.swift; path = WritePostView.swift; sourceTree = "<group>"; };
		1B1593D2285C619900D9EA56 /* WritePostModel.swift */ = {isa = PBXFileReference; lastKnownFileType = sourcecode.swift; path = WritePostModel.swift; sourceTree = "<group>"; };
		1B1593D5285C6E6E00D9EA56 /* DetailViewController.swift */ = {isa = PBXFileReference; lastKnownFileType = sourcecode.swift; path = DetailViewController.swift; sourceTree = "<group>"; };
		1B1593D7285C6E7F00D9EA56 /* DetailView.swift */ = {isa = PBXFileReference; lastKnownFileType = sourcecode.swift; path = DetailView.swift; sourceTree = "<group>"; };
		1B1593D9285C6E8B00D9EA56 /* DetailViewModel.swift */ = {isa = PBXFileReference; lastKnownFileType = sourcecode.swift; path = DetailViewModel.swift; sourceTree = "<group>"; };
		1B1593DB285C6EFE00D9EA56 /* DetailPostHeaderView.swift */ = {isa = PBXFileReference; lastKnownFileType = sourcecode.swift; path = DetailPostHeaderView.swift; sourceTree = "<group>"; };
		1B1593DD285C70F000D9EA56 /* CommentTableViewCell.swift */ = {isa = PBXFileReference; lastKnownFileType = sourcecode.swift; path = CommentTableViewCell.swift; sourceTree = "<group>"; };
		1B1593DF285C722B00D9EA56 /* TextTableViewCell.swift */ = {isa = PBXFileReference; lastKnownFileType = sourcecode.swift; path = TextTableViewCell.swift; sourceTree = "<group>"; };
		1B1593E1285C740C00D9EA56 /* PostMode.swift */ = {isa = PBXFileReference; lastKnownFileType = sourcecode.swift; path = PostMode.swift; sourceTree = "<group>"; };
		1B1593E3285C7F1600D9EA56 /* Alert+Extension.swift */ = {isa = PBXFileReference; lastKnownFileType = sourcecode.swift; path = "Alert+Extension.swift"; sourceTree = "<group>"; };
		1B1593E9285CA46700D9EA56 /* CommentViewController.swift */ = {isa = PBXFileReference; lastKnownFileType = sourcecode.swift; path = CommentViewController.swift; sourceTree = "<group>"; };
		1B1593EB285CA49D00D9EA56 /* CommentView.swift */ = {isa = PBXFileReference; lastKnownFileType = sourcecode.swift; path = CommentView.swift; sourceTree = "<group>"; };
		1B1593ED285CA4D400D9EA56 /* CommentViewModel.swift */ = {isa = PBXFileReference; lastKnownFileType = sourcecode.swift; path = CommentViewModel.swift; sourceTree = "<group>"; };
		1B8CAF8A28572EAD00647D18 /* StartViewController.swift */ = {isa = PBXFileReference; lastKnownFileType = sourcecode.swift; path = StartViewController.swift; sourceTree = "<group>"; };
		1B8CAF8C28572F0000647D18 /* StartViewModel.swift */ = {isa = PBXFileReference; lastKnownFileType = sourcecode.swift; path = StartViewModel.swift; sourceTree = "<group>"; };
		1B8CAF8E2857301700647D18 /* BaseViewController.swift */ = {isa = PBXFileReference; lastKnownFileType = sourcecode.swift; path = BaseViewController.swift; sourceTree = "<group>"; };
		1B8CAFE22859750200647D18 /* UserDefaultWrapper.swift */ = {isa = PBXFileReference; lastKnownFileType = sourcecode.swift; path = UserDefaultWrapper.swift; sourceTree = "<group>"; };
		1B8CAFE4285975B300647D18 /* UserDefaultsManager.swift */ = {isa = PBXFileReference; lastKnownFileType = sourcecode.swift; path = UserDefaultsManager.swift; sourceTree = "<group>"; };
		1B964C46285476B2004B4C41 /* Myboard.app */ = {isa = PBXFileReference; explicitFileType = wrapper.application; includeInIndex = 0; path = Myboard.app; sourceTree = BUILT_PRODUCTS_DIR; };
		1B964C49285476B2004B4C41 /* AppDelegate.swift */ = {isa = PBXFileReference; lastKnownFileType = sourcecode.swift; path = AppDelegate.swift; sourceTree = "<group>"; };
		1B964C4B285476B2004B4C41 /* SceneDelegate.swift */ = {isa = PBXFileReference; lastKnownFileType = sourcecode.swift; path = SceneDelegate.swift; sourceTree = "<group>"; };
		1B964C52285476B4004B4C41 /* Assets.xcassets */ = {isa = PBXFileReference; lastKnownFileType = folder.assetcatalog; path = Assets.xcassets; sourceTree = "<group>"; };
		1B964C55285476B4004B4C41 /* Base */ = {isa = PBXFileReference; lastKnownFileType = file.storyboard; name = Base; path = Base.lproj/LaunchScreen.storyboard; sourceTree = "<group>"; };
		1B964C57285476B4004B4C41 /* Info.plist */ = {isa = PBXFileReference; lastKnownFileType = text.plist.xml; path = Info.plist; sourceTree = "<group>"; };
		1B964C66285477C1004B4C41 /* Endpoint.swift */ = {isa = PBXFileReference; lastKnownFileType = sourcecode.swift; name = Endpoint.swift; path = ../Endpoint.swift; sourceTree = "<group>"; };
		1B964C6C28547911004B4C41 /* ViewRepresentable.swift */ = {isa = PBXFileReference; lastKnownFileType = sourcecode.swift; path = ViewRepresentable.swift; sourceTree = "<group>"; };
		1B964C6E28547955004B4C41 /* StartView.swift */ = {isa = PBXFileReference; lastKnownFileType = sourcecode.swift; path = StartView.swift; sourceTree = "<group>"; };
		1B964C7028547FDB004B4C41 /* Reusable.swift */ = {isa = PBXFileReference; lastKnownFileType = sourcecode.swift; path = Reusable.swift; sourceTree = "<group>"; };
		1B964C7228547FFB004B4C41 /* UITableViewCell+Extension.swift */ = {isa = PBXFileReference; lastKnownFileType = sourcecode.swift; path = "UITableViewCell+Extension.swift"; sourceTree = "<group>"; };
		1B964C7528548057004B4C41 /* Observable.swift */ = {isa = PBXFileReference; lastKnownFileType = sourcecode.swift; path = Observable.swift; sourceTree = "<group>"; };
		1B964C7A285480ED004B4C41 /* BaseUIView.swift */ = {isa = PBXFileReference; lastKnownFileType = sourcecode.swift; path = BaseUIView.swift; sourceTree = "<group>"; };
		1B964C7D285494A6004B4C41 /* ImageEnums.swift */ = {isa = PBXFileReference; lastKnownFileType = sourcecode.swift; path = ImageEnums.swift; sourceTree = "<group>"; };
		1B964C80285494F1004B4C41 /* Navigator.swift */ = {isa = PBXFileReference; lastKnownFileType = sourcecode.swift; path = Navigator.swift; sourceTree = "<group>"; };
		1B964C832854992A004B4C41 /* TransitionEnum.swift */ = {isa = PBXFileReference; lastKnownFileType = sourcecode.swift; path = TransitionEnum.swift; sourceTree = "<group>"; };
/* End PBXFileReference section */

/* Begin PBXFrameworksBuildPhase section */
		1B964C43285476B2004B4C41 /* Frameworks */ = {
			isa = PBXFrameworksBuildPhase;
			buildActionMask = 2147483647;
			files = (
				1B1593E7285CA3B600D9EA56 /* Toast in Frameworks */,
				1B964C5F285476C7004B4C41 /* SnapKit in Frameworks */,
				1B964C62285476D7004B4C41 /* Then in Frameworks */,
				1B964C65285476EA004B4C41 /* IQKeyboardManagerSwift in Frameworks */,
			);
			runOnlyForDeploymentPostprocessing = 0;
		};
/* End PBXFrameworksBuildPhase section */

/* Begin PBXGroup section */
		1B15939B285C10D900D9EA56 /* Start */ = {
			isa = PBXGroup;
			children = (
				1B964C6E28547955004B4C41 /* StartView.swift */,
				1B8CAF8C28572F0000647D18 /* StartViewModel.swift */,
				1B8CAF8A28572EAD00647D18 /* StartViewController.swift */,
			);
			path = Start;
			sourceTree = "<group>";
		};
		1B15939C285C113F00D9EA56 /* Login */ = {
			isa = PBXGroup;
			children = (
				1B1593B9285C342200D9EA56 /* LoginView.swift */,
				1B1593BB285C345300D9EA56 /* LoginViewModel.swift */,
				1B15939D285C115800D9EA56 /* LoginViewController.swift */,
			);
			path = Login;
			sourceTree = "<group>";
		};
		1B15939F285C117C00D9EA56 /* SignUp */ = {
			isa = PBXGroup;
			children = (
				1B1593A4285C190E00D9EA56 /* SignUpView.swift */,
				1B1593A6285C21FD00D9EA56 /* SignUpViewModel.swift */,
				1B1593A0285C11B800D9EA56 /* SignUpViewController.swift */,
			);
			path = SignUp;
			sourceTree = "<group>";
		};
		1B1593AA285C2BC800D9EA56 /* Network */ = {
			isa = PBXGroup;
			children = (
				1B1593AB285C2BD700D9EA56 /* APIService.swift */,
				1B964C66285477C1004B4C41 /* Endpoint.swift */,
				1B1593B5285C2F3000D9EA56 /* SignModel.swift */,
				1B1593C9285C4B9E00D9EA56 /* PostModel.swift */,
				1B1593CB285C573C00D9EA56 /* CommentModel.swift */,
			);
			path = Network;
			sourceTree = "<group>";
		};
		1B1593BD285C3ABA00D9EA56 /* Main */ = {
			isa = PBXGroup;
			children = (
				1B1593C0285C3E5A00D9EA56 /* MainPostView.swift */,
				1B1593C7285C4B5500D9EA56 /* MainPostViewModel.swift */,
				1B159399285C043E00D9EA56 /* MainPostViewController.swift */,
			);
			path = Main;
			sourceTree = "<group>";
		};
		1B1593C2285C438100D9EA56 /* TableViewCell */ = {
			isa = PBXGroup;
			children = (
				1B1593C3285C442600D9EA56 /* PostViewCell.swift */,
				1B1593DF285C722B00D9EA56 /* TextTableViewCell.swift */,
				1B1593DD285C70F000D9EA56 /* CommentTableViewCell.swift */,
			);
			path = TableViewCell;
			sourceTree = "<group>";
		};
		1B1593CD285C614400D9EA56 /* WritePost */ = {
			isa = PBXGroup;
			children = (
				1B1593D0285C618100D9EA56 /* WritePostView.swift */,
				1B1593D2285C619900D9EA56 /* WritePostModel.swift */,
				1B1593CE285C615E00D9EA56 /* WritePostViewController.swift */,
			);
			path = WritePost;
			sourceTree = "<group>";
		};
		1B1593D4285C6E5D00D9EA56 /* Detail */ = {
			isa = PBXGroup;
			children = (
				1B1593D7285C6E7F00D9EA56 /* DetailView.swift */,
				1B1593DB285C6EFE00D9EA56 /* DetailPostHeaderView.swift */,
				1B1593D9285C6E8B00D9EA56 /* DetailViewModel.swift */,
				1B1593D5285C6E6E00D9EA56 /* DetailViewController.swift */,
			);
			path = Detail;
			sourceTree = "<group>";
		};
		1B1593E8285CA45C00D9EA56 /* Comment */ = {
			isa = PBXGroup;
			children = (
				1B1593EB285CA49D00D9EA56 /* CommentView.swift */,
				1B1593ED285CA4D400D9EA56 /* CommentViewModel.swift */,
				1B1593E9285CA46700D9EA56 /* CommentViewController.swift */,
			);
			path = Comment;
			sourceTree = "<group>";
		};
		1B964C3D285476B2004B4C41 = {
			isa = PBXGroup;
			children = (
				1B964C48285476B2004B4C41 /* Myboard */,
				1B964C47285476B2004B4C41 /* Products */,
			);
			sourceTree = "<group>";
		};
		1B964C47285476B2004B4C41 /* Products */ = {
			isa = PBXGroup;
			children = (
				1B964C46285476B2004B4C41 /* Myboard.app */,
			);
			name = Products;
			sourceTree = "<group>";
		};
		1B964C48285476B2004B4C41 /* Myboard */ = {
			isa = PBXGroup;
			children = (
				1B1593E8285CA45C00D9EA56 /* Comment */,
				1B1593D4285C6E5D00D9EA56 /* Detail */,
				1B1593CD285C614400D9EA56 /* WritePost */,
				1B1593C2285C438100D9EA56 /* TableViewCell */,
				1B964C79285480DD004B4C41 /* Base */,
				1B964C7F285494E5004B4C41 /* Common */,
				1B964C7C28549494004B4C41 /* Enums */,
				1B964C6A285477E9004B4C41 /* Extensions */,
				1B964C6B285478F8004B4C41 /* Protocol */,
				1B964C742854803B004B4C41 /* Util */,
				1B1593AA285C2BC800D9EA56 /* Network */,
				1B15939C285C113F00D9EA56 /* Login */,
				1B15939F285C117C00D9EA56 /* SignUp */,
				1B15939B285C10D900D9EA56 /* Start */,
				1B1593BD285C3ABA00D9EA56 /* Main */,
				1B964C49285476B2004B4C41 /* AppDelegate.swift */,
				1B964C4B285476B2004B4C41 /* SceneDelegate.swift */,
				1B964C52285476B4004B4C41 /* Assets.xcassets */,
				1B964C54285476B4004B4C41 /* LaunchScreen.storyboard */,
				1B964C57285476B4004B4C41 /* Info.plist */,
			);
			path = Myboard;
			sourceTree = "<group>";
		};
		1B964C6A285477E9004B4C41 /* Extensions */ = {
			isa = PBXGroup;
			children = (
				1B1593B1285C2DE700D9EA56 /* Endpoint+Extension.swift */,
				1B964C7228547FFB004B4C41 /* UITableViewCell+Extension.swift */,
				1B1593AF285C2DC300D9EA56 /* URL+Extension.swift */,
				1B1593B3285C2E2700D9EA56 /* URLSession+Extension.swift */,
				1B1593BE285C3CCD00D9EA56 /* Date+Extension.swift */,
				1B1593E3285C7F1600D9EA56 /* Alert+Extension.swift */,
			);
			path = Extensions;
			sourceTree = "<group>";
		};
		1B964C6B285478F8004B4C41 /* Protocol */ = {
			isa = PBXGroup;
			children = (
				1B964C6C28547911004B4C41 /* ViewRepresentable.swift */,
				1B964C7028547FDB004B4C41 /* Reusable.swift */,
			);
			path = Protocol;
			sourceTree = "<group>";
		};
		1B964C742854803B004B4C41 /* Util */ = {
			isa = PBXGroup;
			children = (
				1B964C7528548057004B4C41 /* Observable.swift */,
			);
			path = Util;
			sourceTree = "<group>";
		};
		1B964C79285480DD004B4C41 /* Base */ = {
			isa = PBXGroup;
			children = (
				1B964C7A285480ED004B4C41 /* BaseUIView.swift */,
				1B8CAF8E2857301700647D18 /* BaseViewController.swift */,
			);
			path = Base;
			sourceTree = "<group>";
		};
		1B964C7C28549494004B4C41 /* Enums */ = {
			isa = PBXGroup;
			children = (
				1B964C7D285494A6004B4C41 /* ImageEnums.swift */,
				1B964C832854992A004B4C41 /* TransitionEnum.swift */,
				1B1593A8285C2B7900D9EA56 /* APIEnum.swift */,
				1B1593E1285C740C00D9EA56 /* PostMode.swift */,
			);
			path = Enums;
			sourceTree = "<group>";
		};
		1B964C7F285494E5004B4C41 /* Common */ = {
			isa = PBXGroup;
			children = (
				1B964C80285494F1004B4C41 /* Navigator.swift */,
				1B8CAFE22859750200647D18 /* UserDefaultWrapper.swift */,
				1B8CAFE4285975B300647D18 /* UserDefaultsManager.swift */,
			);
			path = Common;
			sourceTree = "<group>";
		};
/* End PBXGroup section */

/* Begin PBXNativeTarget section */
		1B964C45285476B2004B4C41 /* Myboard */ = {
			isa = PBXNativeTarget;
			buildConfigurationList = 1B964C5A285476B4004B4C41 /* Build configuration list for PBXNativeTarget "Myboard" */;
			buildPhases = (
				1B964C42285476B2004B4C41 /* Sources */,
				1B964C43285476B2004B4C41 /* Frameworks */,
				1B964C44285476B2004B4C41 /* Resources */,
			);
			buildRules = (
			);
			dependencies = (
			);
			name = Myboard;
			packageProductDependencies = (
				1B964C5E285476C7004B4C41 /* SnapKit */,
				1B964C61285476D7004B4C41 /* Then */,
				1B964C64285476EA004B4C41 /* IQKeyboardManagerSwift */,
				1B1593E6285CA3B600D9EA56 /* Toast */,
			);
			productName = Myboard;
			productReference = 1B964C46285476B2004B4C41 /* Myboard.app */;
			productType = "com.apple.product-type.application";
		};
/* End PBXNativeTarget section */

/* Begin PBXProject section */
		1B964C3E285476B2004B4C41 /* Project object */ = {
			isa = PBXProject;
			attributes = {
				BuildIndependentTargetsInParallel = 1;
				LastSwiftUpdateCheck = 1330;
				LastUpgradeCheck = 1330;
				TargetAttributes = {
					1B964C45285476B2004B4C41 = {
						CreatedOnToolsVersion = 13.3.1;
					};
				};
			};
			buildConfigurationList = 1B964C41285476B2004B4C41 /* Build configuration list for PBXProject "Myboard" */;
			compatibilityVersion = "Xcode 13.0";
			developmentRegion = en;
			hasScannedForEncodings = 0;
			knownRegions = (
				en,
				Base,
			);
			mainGroup = 1B964C3D285476B2004B4C41;
			packageReferences = (
				1B964C5D285476C7004B4C41 /* XCRemoteSwiftPackageReference "SnapKit" */,
				1B964C60285476D7004B4C41 /* XCRemoteSwiftPackageReference "Then" */,
				1B964C63285476EA004B4C41 /* XCRemoteSwiftPackageReference "IQKeyboardManager" */,
				1B1593E5285CA3B600D9EA56 /* XCRemoteSwiftPackageReference "Toast-Swift" */,
			);
			productRefGroup = 1B964C47285476B2004B4C41 /* Products */;
			projectDirPath = "";
			projectRoot = "";
			targets = (
				1B964C45285476B2004B4C41 /* Myboard */,
			);
		};
/* End PBXProject section */

/* Begin PBXResourcesBuildPhase section */
		1B964C44285476B2004B4C41 /* Resources */ = {
			isa = PBXResourcesBuildPhase;
			buildActionMask = 2147483647;
			files = (
				1B964C56285476B4004B4C41 /* LaunchScreen.storyboard in Resources */,
				1B964C53285476B4004B4C41 /* Assets.xcassets in Resources */,
			);
			runOnlyForDeploymentPostprocessing = 0;
		};
/* End PBXResourcesBuildPhase section */

/* Begin PBXSourcesBuildPhase section */
		1B964C42285476B2004B4C41 /* Sources */ = {
			isa = PBXSourcesBuildPhase;
			buildActionMask = 2147483647;
			files = (
				1B1593B6285C2F3000D9EA56 /* SignModel.swift in Sources */,
				1B964C4A285476B2004B4C41 /* AppDelegate.swift in Sources */,
				1B1593A9285C2B7900D9EA56 /* APIEnum.swift in Sources */,
				1B1593C4285C442600D9EA56 /* PostViewCell.swift in Sources */,
				1B964C7E285494A6004B4C41 /* ImageEnums.swift in Sources */,
				1B964C81285494F1004B4C41 /* Navigator.swift in Sources */,
				1B1593D1285C618100D9EA56 /* WritePostView.swift in Sources */,
				1B1593D6285C6E6E00D9EA56 /* DetailViewController.swift in Sources */,
				1B1593EA285CA46700D9EA56 /* CommentViewController.swift in Sources */,
				1B1593D8285C6E7F00D9EA56 /* DetailView.swift in Sources */,
				1B1593E0285C722B00D9EA56 /* TextTableViewCell.swift in Sources */,
				1B964C67285477C1004B4C41 /* Endpoint.swift in Sources */,
				1B1593B0285C2DC300D9EA56 /* URL+Extension.swift in Sources */,
				1B1593DE285C70F000D9EA56 /* CommentTableViewCell.swift in Sources */,
				1B8CAF8B28572EAD00647D18 /* StartViewController.swift in Sources */,
				1B1593A5285C190E00D9EA56 /* SignUpView.swift in Sources */,
				1B1593DC285C6EFE00D9EA56 /* DetailPostHeaderView.swift in Sources */,
				1B1593C1285C3E5A00D9EA56 /* MainPostView.swift in Sources */,
				1B1593B2285C2DE700D9EA56 /* Endpoint+Extension.swift in Sources */,
				1B1593B4285C2E2700D9EA56 /* URLSession+Extension.swift in Sources */,
				1B8CAFE5285975B300647D18 /* UserDefaultsManager.swift in Sources */,
				1B964C4C285476B2004B4C41 /* SceneDelegate.swift in Sources */,
				1B1593BF285C3CCD00D9EA56 /* Date+Extension.swift in Sources */,
				1B964C7328547FFB004B4C41 /* UITableViewCell+Extension.swift in Sources */,
				1B15939E285C115800D9EA56 /* LoginViewController.swift in Sources */,
				1B1593A7285C21FD00D9EA56 /* SignUpViewModel.swift in Sources */,
				1B1593EC285CA49D00D9EA56 /* CommentView.swift in Sources */,
				1B1593E4285C7F1600D9EA56 /* Alert+Extension.swift in Sources */,
				1B1593EE285CA4D400D9EA56 /* CommentViewModel.swift in Sources */,
				1B1593C8285C4B5500D9EA56 /* MainPostViewModel.swift in Sources */,
				1B964C7128547FDB004B4C41 /* Reusable.swift in Sources */,
				1B1593BC285C345300D9EA56 /* LoginViewModel.swift in Sources */,
				1B964C7628548057004B4C41 /* Observable.swift in Sources */,
				1B964C6D28547911004B4C41 /* ViewRepresentable.swift in Sources */,
				1B8CAF8D28572F0000647D18 /* StartViewModel.swift in Sources */,
				1B1593CC285C573C00D9EA56 /* CommentModel.swift in Sources */,
				1B964C7B285480ED004B4C41 /* BaseUIView.swift in Sources */,
				1B1593BA285C342200D9EA56 /* LoginView.swift in Sources */,
				1B8CAFE32859750200647D18 /* UserDefaultWrapper.swift in Sources */,
				1B1593CF285C615E00D9EA56 /* WritePostViewController.swift in Sources */,
				1B1593E2285C740C00D9EA56 /* PostMode.swift in Sources */,
				1B8CAF8F2857301700647D18 /* BaseViewController.swift in Sources */,
				1B964C6F28547955004B4C41 /* StartView.swift in Sources */,
				1B1593AC285C2BD700D9EA56 /* APIService.swift in Sources */,
				1B1593CA285C4B9E00D9EA56 /* PostModel.swift in Sources */,
				1B1593DA285C6E8B00D9EA56 /* DetailViewModel.swift in Sources */,
				1B1593A1285C11B800D9EA56 /* SignUpViewController.swift in Sources */,
				1B964C842854992A004B4C41 /* TransitionEnum.swift in Sources */,
				1B1593D3285C619900D9EA56 /* WritePostModel.swift in Sources */,
				1B15939A285C043E00D9EA56 /* MainPostViewController.swift in Sources */,
			);
			runOnlyForDeploymentPostprocessing = 0;
		};
/* End PBXSourcesBuildPhase section */

/* Begin PBXVariantGroup section */
		1B964C54285476B4004B4C41 /* LaunchScreen.storyboard */ = {
			isa = PBXVariantGroup;
			children = (
				1B964C55285476B4004B4C41 /* Base */,
			);
			name = LaunchScreen.storyboard;
			sourceTree = "<group>";
		};
/* End PBXVariantGroup section */

/* Begin XCBuildConfiguration section */
		1B964C58285476B4004B4C41 /* Debug */ = {
			isa = XCBuildConfiguration;
			buildSettings = {
				ALWAYS_SEARCH_USER_PATHS = NO;
				CLANG_ANALYZER_NONNULL = YES;
				CLANG_ANALYZER_NUMBER_OBJECT_CONVERSION = YES_AGGRESSIVE;
				CLANG_CXX_LANGUAGE_STANDARD = "gnu++17";
				CLANG_ENABLE_MODULES = YES;
				CLANG_ENABLE_OBJC_ARC = YES;
				CLANG_ENABLE_OBJC_WEAK = YES;
				CLANG_WARN_BLOCK_CAPTURE_AUTORELEASING = YES;
				CLANG_WARN_BOOL_CONVERSION = YES;
				CLANG_WARN_COMMA = YES;
				CLANG_WARN_CONSTANT_CONVERSION = YES;
				CLANG_WARN_DEPRECATED_OBJC_IMPLEMENTATIONS = YES;
				CLANG_WARN_DIRECT_OBJC_ISA_USAGE = YES_ERROR;
				CLANG_WARN_DOCUMENTATION_COMMENTS = YES;
				CLANG_WARN_EMPTY_BODY = YES;
				CLANG_WARN_ENUM_CONVERSION = YES;
				CLANG_WARN_INFINITE_RECURSION = YES;
				CLANG_WARN_INT_CONVERSION = YES;
				CLANG_WARN_NON_LITERAL_NULL_CONVERSION = YES;
				CLANG_WARN_OBJC_IMPLICIT_RETAIN_SELF = YES;
				CLANG_WARN_OBJC_LITERAL_CONVERSION = YES;
				CLANG_WARN_OBJC_ROOT_CLASS = YES_ERROR;
				CLANG_WARN_QUOTED_INCLUDE_IN_FRAMEWORK_HEADER = YES;
				CLANG_WARN_RANGE_LOOP_ANALYSIS = YES;
				CLANG_WARN_STRICT_PROTOTYPES = YES;
				CLANG_WARN_SUSPICIOUS_MOVE = YES;
				CLANG_WARN_UNGUARDED_AVAILABILITY = YES_AGGRESSIVE;
				CLANG_WARN_UNREACHABLE_CODE = YES;
				CLANG_WARN__DUPLICATE_METHOD_MATCH = YES;
				COPY_PHASE_STRIP = NO;
				DEBUG_INFORMATION_FORMAT = dwarf;
				ENABLE_STRICT_OBJC_MSGSEND = YES;
				ENABLE_TESTABILITY = YES;
				GCC_C_LANGUAGE_STANDARD = gnu11;
				GCC_DYNAMIC_NO_PIC = NO;
				GCC_NO_COMMON_BLOCKS = YES;
				GCC_OPTIMIZATION_LEVEL = 0;
				GCC_PREPROCESSOR_DEFINITIONS = (
					"DEBUG=1",
					"$(inherited)",
				);
				GCC_WARN_64_TO_32_BIT_CONVERSION = YES;
				GCC_WARN_ABOUT_RETURN_TYPE = YES_ERROR;
				GCC_WARN_UNDECLARED_SELECTOR = YES;
				GCC_WARN_UNINITIALIZED_AUTOS = YES_AGGRESSIVE;
				GCC_WARN_UNUSED_FUNCTION = YES;
				GCC_WARN_UNUSED_VARIABLE = YES;
				IPHONEOS_DEPLOYMENT_TARGET = 15.4;
				MTL_ENABLE_DEBUG_INFO = INCLUDE_SOURCE;
				MTL_FAST_MATH = YES;
				ONLY_ACTIVE_ARCH = YES;
				SDKROOT = iphoneos;
				SWIFT_ACTIVE_COMPILATION_CONDITIONS = DEBUG;
				SWIFT_OPTIMIZATION_LEVEL = "-Onone";
			};
			name = Debug;
		};
		1B964C59285476B4004B4C41 /* Release */ = {
			isa = XCBuildConfiguration;
			buildSettings = {
				ALWAYS_SEARCH_USER_PATHS = NO;
				CLANG_ANALYZER_NONNULL = YES;
				CLANG_ANALYZER_NUMBER_OBJECT_CONVERSION = YES_AGGRESSIVE;
				CLANG_CXX_LANGUAGE_STANDARD = "gnu++17";
				CLANG_ENABLE_MODULES = YES;
				CLANG_ENABLE_OBJC_ARC = YES;
				CLANG_ENABLE_OBJC_WEAK = YES;
				CLANG_WARN_BLOCK_CAPTURE_AUTORELEASING = YES;
				CLANG_WARN_BOOL_CONVERSION = YES;
				CLANG_WARN_COMMA = YES;
				CLANG_WARN_CONSTANT_CONVERSION = YES;
				CLANG_WARN_DEPRECATED_OBJC_IMPLEMENTATIONS = YES;
				CLANG_WARN_DIRECT_OBJC_ISA_USAGE = YES_ERROR;
				CLANG_WARN_DOCUMENTATION_COMMENTS = YES;
				CLANG_WARN_EMPTY_BODY = YES;
				CLANG_WARN_ENUM_CONVERSION = YES;
				CLANG_WARN_INFINITE_RECURSION = YES;
				CLANG_WARN_INT_CONVERSION = YES;
				CLANG_WARN_NON_LITERAL_NULL_CONVERSION = YES;
				CLANG_WARN_OBJC_IMPLICIT_RETAIN_SELF = YES;
				CLANG_WARN_OBJC_LITERAL_CONVERSION = YES;
				CLANG_WARN_OBJC_ROOT_CLASS = YES_ERROR;
				CLANG_WARN_QUOTED_INCLUDE_IN_FRAMEWORK_HEADER = YES;
				CLANG_WARN_RANGE_LOOP_ANALYSIS = YES;
				CLANG_WARN_STRICT_PROTOTYPES = YES;
				CLANG_WARN_SUSPICIOUS_MOVE = YES;
				CLANG_WARN_UNGUARDED_AVAILABILITY = YES_AGGRESSIVE;
				CLANG_WARN_UNREACHABLE_CODE = YES;
				CLANG_WARN__DUPLICATE_METHOD_MATCH = YES;
				COPY_PHASE_STRIP = NO;
				DEBUG_INFORMATION_FORMAT = "dwarf-with-dsym";
				ENABLE_NS_ASSERTIONS = NO;
				ENABLE_STRICT_OBJC_MSGSEND = YES;
				GCC_C_LANGUAGE_STANDARD = gnu11;
				GCC_NO_COMMON_BLOCKS = YES;
				GCC_WARN_64_TO_32_BIT_CONVERSION = YES;
				GCC_WARN_ABOUT_RETURN_TYPE = YES_ERROR;
				GCC_WARN_UNDECLARED_SELECTOR = YES;
				GCC_WARN_UNINITIALIZED_AUTOS = YES_AGGRESSIVE;
				GCC_WARN_UNUSED_FUNCTION = YES;
				GCC_WARN_UNUSED_VARIABLE = YES;
				IPHONEOS_DEPLOYMENT_TARGET = 15.4;
				MTL_ENABLE_DEBUG_INFO = NO;
				MTL_FAST_MATH = YES;
				SDKROOT = iphoneos;
				SWIFT_COMPILATION_MODE = wholemodule;
				SWIFT_OPTIMIZATION_LEVEL = "-O";
				VALIDATE_PRODUCT = YES;
			};
			name = Release;
		};
		1B964C5B285476B4004B4C41 /* Debug */ = {
			isa = XCBuildConfiguration;
			buildSettings = {
				ASSETCATALOG_COMPILER_APPICON_NAME = AppIcon;
				ASSETCATALOG_COMPILER_GLOBAL_ACCENT_COLOR_NAME = AccentColor;
				CODE_SIGN_STYLE = Automatic;
				CURRENT_PROJECT_VERSION = 1;
				GENERATE_INFOPLIST_FILE = YES;
				INFOPLIST_FILE = Myboard/Info.plist;
				INFOPLIST_KEY_UIApplicationSupportsIndirectInputEvents = YES;
				INFOPLIST_KEY_UILaunchStoryboardName = LaunchScreen;
				INFOPLIST_KEY_UISupportedInterfaceOrientations_iPad = "UIInterfaceOrientationPortrait UIInterfaceOrientationPortraitUpsideDown UIInterfaceOrientationLandscapeLeft UIInterfaceOrientationLandscapeRight";
				INFOPLIST_KEY_UISupportedInterfaceOrientations_iPhone = "UIInterfaceOrientationPortrait UIInterfaceOrientationLandscapeLeft UIInterfaceOrientationLandscapeRight";
				LD_RUNPATH_SEARCH_PATHS = (
					"$(inherited)",
					"@executable_path/Frameworks",
				);
				MARKETING_VERSION = 1.0;
				PRODUCT_BUNDLE_IDENTIFIER = com.bro.Myboard;
				PRODUCT_NAME = "$(TARGET_NAME)";
				SWIFT_EMIT_LOC_STRINGS = YES;
				SWIFT_VERSION = 5.0;
				TARGETED_DEVICE_FAMILY = "1,2";
			};
			name = Debug;
		};
		1B964C5C285476B4004B4C41 /* Release */ = {
			isa = XCBuildConfiguration;
			buildSettings = {
				ASSETCATALOG_COMPILER_APPICON_NAME = AppIcon;
				ASSETCATALOG_COMPILER_GLOBAL_ACCENT_COLOR_NAME = AccentColor;
				CODE_SIGN_STYLE = Automatic;
				CURRENT_PROJECT_VERSION = 1;
				GENERATE_INFOPLIST_FILE = YES;
				INFOPLIST_FILE = Myboard/Info.plist;
				INFOPLIST_KEY_UIApplicationSupportsIndirectInputEvents = YES;
				INFOPLIST_KEY_UILaunchStoryboardName = LaunchScreen;
				INFOPLIST_KEY_UISupportedInterfaceOrientations_iPad = "UIInterfaceOrientationPortrait UIInterfaceOrientationPortraitUpsideDown UIInterfaceOrientationLandscapeLeft UIInterfaceOrientationLandscapeRight";
				INFOPLIST_KEY_UISupportedInterfaceOrientations_iPhone = "UIInterfaceOrientationPortrait UIInterfaceOrientationLandscapeLeft UIInterfaceOrientationLandscapeRight";
				LD_RUNPATH_SEARCH_PATHS = (
					"$(inherited)",
					"@executable_path/Frameworks",
				);
				MARKETING_VERSION = 1.0;
				PRODUCT_BUNDLE_IDENTIFIER = com.bro.Myboard;
				PRODUCT_NAME = "$(TARGET_NAME)";
				SWIFT_EMIT_LOC_STRINGS = YES;
				SWIFT_VERSION = 5.0;
				TARGETED_DEVICE_FAMILY = "1,2";
			};
			name = Release;
		};
/* End XCBuildConfiguration section */

/* Begin XCConfigurationList section */
		1B964C41285476B2004B4C41 /* Build configuration list for PBXProject "Myboard" */ = {
			isa = XCConfigurationList;
			buildConfigurations = (
				1B964C58285476B4004B4C41 /* Debug */,
				1B964C59285476B4004B4C41 /* Release */,
			);
			defaultConfigurationIsVisible = 0;
			defaultConfigurationName = Release;
		};
		1B964C5A285476B4004B4C41 /* Build configuration list for PBXNativeTarget "Myboard" */ = {
			isa = XCConfigurationList;
			buildConfigurations = (
				1B964C5B285476B4004B4C41 /* Debug */,
				1B964C5C285476B4004B4C41 /* Release */,
			);
			defaultConfigurationIsVisible = 0;
			defaultConfigurationName = Release;
		};
/* End XCConfigurationList section */

/* Begin XCRemoteSwiftPackageReference section */
		1B1593E5285CA3B600D9EA56 /* XCRemoteSwiftPackageReference "Toast-Swift" */ = {
			isa = XCRemoteSwiftPackageReference;
			repositoryURL = "https://github.com/scalessec/Toast-Swift.git";
			requirement = {
				kind = upToNextMajorVersion;
				minimumVersion = 5.0.0;
			};
		};
		1B964C5D285476C7004B4C41 /* XCRemoteSwiftPackageReference "SnapKit" */ = {
			isa = XCRemoteSwiftPackageReference;
			repositoryURL = "https://github.com/SnapKit/SnapKit.git";
			requirement = {
				branch = develop;
				kind = branch;
			};
		};
		1B964C60285476D7004B4C41 /* XCRemoteSwiftPackageReference "Then" */ = {
			isa = XCRemoteSwiftPackageReference;
			repositoryURL = "https://github.com/devxoul/Then.git";
			requirement = {
				branch = master;
				kind = branch;
			};
		};
		1B964C63285476EA004B4C41 /* XCRemoteSwiftPackageReference "IQKeyboardManager" */ = {
			isa = XCRemoteSwiftPackageReference;
			repositoryURL = "https://github.com/hackiftekhar/IQKeyboardManager.git";
			requirement = {
				branch = master;
				kind = branch;
			};
		};
/* End XCRemoteSwiftPackageReference section */

/* Begin XCSwiftPackageProductDependency section */
		1B1593E6285CA3B600D9EA56 /* Toast */ = {
			isa = XCSwiftPackageProductDependency;
			package = 1B1593E5285CA3B600D9EA56 /* XCRemoteSwiftPackageReference "Toast-Swift" */;
			productName = Toast;
		};
		1B964C5E285476C7004B4C41 /* SnapKit */ = {
			isa = XCSwiftPackageProductDependency;
			package = 1B964C5D285476C7004B4C41 /* XCRemoteSwiftPackageReference "SnapKit" */;
			productName = SnapKit;
		};
		1B964C61285476D7004B4C41 /* Then */ = {
			isa = XCSwiftPackageProductDependency;
			package = 1B964C60285476D7004B4C41 /* XCRemoteSwiftPackageReference "Then" */;
			productName = Then;
		};
		1B964C64285476EA004B4C41 /* IQKeyboardManagerSwift */ = {
			isa = XCSwiftPackageProductDependency;
			package = 1B964C63285476EA004B4C41 /* XCRemoteSwiftPackageReference "IQKeyboardManager" */;
			productName = IQKeyboardManagerSwift;
		};
/* End XCSwiftPackageProductDependency section */
	};
	rootObject = 1B964C3E285476B2004B4C41 /* Project object */;
}
